
Microsoft Visual Studio Solution File, Format Version 12.00
# Visual Studio Version 17
VisualStudioVersion = 17.14.36221.1 d17.14
MinimumVisualStudioVersion = 10.0.40219.1
Project("{FAE04EC0-301F-11D3-BF4B-00C04F79EFBC}") = "TiempoEnTokyoApi", "TiempoEnTokyoApi\TiempoEnTokyoApi.csproj", "{FE0A1D4F-50BE-4E88-B2C3-14F25945348A}"
EndProject
Global
	GlobalSection(SolutionConfigurationPlatforms) = preSolution
		Debug|Any CPU = Debug|Any CPU
		Release|Any CPU = Release|Any CPU
	EndGlobalSection
	GlobalSection(ProjectConfigurationPlatforms) = postSolution
		{FE0A1D4F-50BE-4E88-B2C3-14F25945348A}.Debug|Any CPU.ActiveCfg = Debug|Any CPU
		{FE0A1D4F-50BE-4E88-B2C3-14F25945348A}.Debug|Any CPU.Build.0 = Debug|Any CPU
		{FE0A1D4F-50BE-4E88-B2C3-14F25945348A}.Release|Any CPU.ActiveCfg = Release|Any CPU
		{FE0A1D4F-50BE-4E88-B2C3-14F25945348A}.Release|Any CPU.Build.0 = Release|Any CPU
	EndGlobalSection
	GlobalSection(SolutionProperties) = preSolution
		HideSolutionNode = FALSE
	EndGlobalSection
	GlobalSection(ExtensibilityGlobals) = postSolution
		SolutionGuid = {9C3A2B5A-D77B-440D-81CC-C7CBCCED6063}
	EndGlobalSection
EndGlobal
